
Microsoft Visual Studio Solution File, Format Version 12.00
# Visual Studio 15
VisualStudioVersion = 15.0.27004.2005
MinimumVisualStudioVersion = 10.0.40219.1
Project("{FAE04EC0-301F-11D3-BF4B-00C04F79EFBC}") = "MatriceInfinita", "MatriceInfinita\MatriceInfinita.csproj", "{30C53889-3602-4644-8E6D-98613D82425B}"
EndProject
Global
	GlobalSection(SolutionConfigurationPlatforms) = preSolution
		Debug|Any CPU = Debug|Any CPU
		Release|Any CPU = Release|Any CPU
	EndGlobalSection
	GlobalSection(ProjectConfigurationPlatforms) = postSolution
		{30C53889-3602-4644-8E6D-98613D82425B}.Debug|Any CPU.ActiveCfg = Debug|Any CPU
		{30C53889-3602-4644-8E6D-98613D82425B}.Debug|Any CPU.Build.0 = Debug|Any CPU
		{30C53889-3602-4644-8E6D-98613D82425B}.Release|Any CPU.ActiveCfg = Release|Any CPU
		{30C53889-3602-4644-8E6D-98613D82425B}.Release|Any CPU.Build.0 = Release|Any CPU
	EndGlobalSection
	GlobalSection(SolutionProperties) = preSolution
		HideSolutionNode = FALSE
	EndGlobalSection
	GlobalSection(ExtensibilityGlobals) = postSolution
		SolutionGuid = {64658BBF-C097-49DE-965C-177B6AF3511C}
	EndGlobalSection
EndGlobal
